
Microsoft Visual Studio Solution File, Format Version 12.00
# Visual Studio Version 17
VisualStudioVersion = 17.8.34525.116
MinimumVisualStudioVersion = 10.0.40219.1
Project("{9A19103F-16F7-4668-BE54-9A1E7A4F7556}") = "WebApp", "WebApp\WebApp.csproj", "{26A198D9-7180-41C9-B6BF-3F69ED27E1E6}"
EndProject
Project("{9A19103F-16F7-4668-BE54-9A1E7A4F7556}") = "Infrastructure", "Infrastructure\Infrastructure.csproj", "{CF1F0929-C44C-4141-B31B-4759CF9611ED}"
EndProject
Global
	GlobalSection(SolutionConfigurationPlatforms) = preSolution
		Debug|Any CPU = Debug|Any CPU
		Release|Any CPU = Release|Any CPU
	EndGlobalSection
	GlobalSection(ProjectConfigurationPlatforms) = postSolution
		{26A198D9-7180-41C9-B6BF-3F69ED27E1E6}.Debug|Any CPU.ActiveCfg = Debug|Any CPU
		{26A198D9-7180-41C9-B6BF-3F69ED27E1E6}.Debug|Any CPU.Build.0 = Debug|Any CPU
		{26A198D9-7180-41C9-B6BF-3F69ED27E1E6}.Release|Any CPU.ActiveCfg = Release|Any CPU
		{26A198D9-7180-41C9-B6BF-3F69ED27E1E6}.Release|Any CPU.Build.0 = Release|Any CPU
		{CF1F0929-C44C-4141-B31B-4759CF9611ED}.Debug|Any CPU.ActiveCfg = Debug|Any CPU
		{CF1F0929-C44C-4141-B31B-4759CF9611ED}.Debug|Any CPU.Build.0 = Debug|Any CPU
		{CF1F0929-C44C-4141-B31B-4759CF9611ED}.Release|Any CPU.ActiveCfg = Release|Any CPU
		{CF1F0929-C44C-4141-B31B-4759CF9611ED}.Release|Any CPU.Build.0 = Release|Any CPU
	EndGlobalSection
	GlobalSection(SolutionProperties) = preSolution
		HideSolutionNode = FALSE
	EndGlobalSection
	GlobalSection(ExtensibilityGlobals) = postSolution
		SolutionGuid = {E39361C7-2B40-432B-8F55-59255F683F2A}
	EndGlobalSection
EndGlobal
